{
  "name": "mcp-verifiable-tools-demo",
  "lockfileVersion": 3,
  "requires": true,
  "packages": {
    "": {
      "name": "mcp-verifiable-tools-demo",
      "workspaces": [
        "packages/*"
      ],
      "devDependencies": {
        "typescript": "5.6.3"
      }
    },
    "node_modules/@demo/client": {
      "resolved": "packages/client",
      "link": true
    },
    "node_modules/@demo/protocol": {
      "resolved": "packages/protocol",
      "link": true
    },
    "node_modules/@demo/prover": {
      "resolved": "packages/prover",
      "link": true
    },
    "node_modules/@demo/server": {
      "resolved": "packages/server",
      "link": true
    },
    "node_modules/@demo/verifier": {
      "resolved": "packages/verifier",
      "link": true
    },
    "node_modules/typescript": {
      "version": "5.6.3",
      "resolved": "https://registry.npmjs.org/typescript/-/typescript-5.6.3.tgz",
      "integrity": "sha512-hjcS1mhfuyi4WW8IWtjP7brDrG2cuDZukyrYrSauoXGNgx0S7zceP07adYkJycEr56BOUTNPzbInooiN3fn1qw==",
      "dev": true,
      "license": "Apache-2.0",
      "bin": {
        "tsc": "bin/tsc",
        "tsserver": "bin/tsserver"
      },
      "engines": {
        "node": ">=14.17"
      }
    },
    "packages/client": {
      "name": "@demo/client",
      "version": "1.0.0",
      "dependencies": {
        "@demo/protocol": "1.0.0",
        "@demo/server": "1.0.0",
        "@demo/verifier": "1.0.0"
      }
    },
    "packages/protocol": {
      "name": "@demo/protocol",
      "version": "1.0.0"
    },
    "packages/prover": {
      "name": "@demo/prover",
      "version": "1.0.0",
      "dependencies": {
        "@demo/protocol": "1.0.0"
      }
    },
    "packages/server": {
      "name": "@demo/server",
      "version": "1.0.0",
      "dependencies": {
        "@demo/protocol": "1.0.0",
        "@demo/prover": "1.0.0"
      }
    },
    "packages/verifier": {
      "name": "@demo/verifier",
      "version": "1.0.0",
      "dependencies": {
        "@demo/protocol": "1.0.0",
        "@demo/prover": "1.0.0"
      }
    }
  }
}
